
Microsoft Visual Studio Solution File, Format Version 12.00
# Visual Studio Version 17
VisualStudioVersion = 17.9.34714.143
MinimumVisualStudioVersion = 10.0.40219.1
Project("{FAE04EC0-301F-11D3-BF4B-00C04F79EFBC}") = "KutuphaneOtomasyon_v2", "KutuphaneOtomasyon_v2\KutuphaneOtomasyon_v2.csproj", "{70FC8123-96C2-49CB-BA9F-E1D027BC8964}"
EndProject
Global
	GlobalSection(SolutionConfigurationPlatforms) = preSolution
		Debug|Any CPU = Debug|Any CPU
		Release|Any CPU = Release|Any CPU
	EndGlobalSection
	GlobalSection(ProjectConfigurationPlatforms) = postSolution
		{70FC8123-96C2-49CB-BA9F-E1D027BC8964}.Debug|Any CPU.ActiveCfg = Debug|Any CPU
		{70FC8123-96C2-49CB-BA9F-E1D027BC8964}.Debug|Any CPU.Build.0 = Debug|Any CPU
		{70FC8123-96C2-49CB-BA9F-E1D027BC8964}.Release|Any CPU.ActiveCfg = Release|Any CPU
		{70FC8123-96C2-49CB-BA9F-E1D027BC8964}.Release|Any CPU.Build.0 = Release|Any CPU
	EndGlobalSection
	GlobalSection(SolutionProperties) = preSolution
		HideSolutionNode = FALSE
	EndGlobalSection
	GlobalSection(ExtensibilityGlobals) = postSolution
		SolutionGuid = {5CF01B8C-9762-4F44-B83B-F1D63F055335}
	EndGlobalSection
EndGlobal
